
Microsoft Visual Studio Solution File, Format Version 12.00
# Visual Studio Version 17
VisualStudioVersion = 17.2.32317.152
MinimumVisualStudioVersion = 10.0.40219.1
Project("{8BC9CEB8-8B4A-11D0-8D11-00A0C91BC942}") = "SoftGpu", "SoftGpu\SoftGpu.vcxproj", "{B22E754B-166F-40EC-A023-FB7147405BC9}"
	ProjectSection(ProjectDependencies) = postProject
		{10610055-CF5D-4809-A73A-48576B76ADC3} = {10610055-CF5D-4809-A73A-48576B76ADC3}
		{C7394DFA-C386-4498-AF22-64FC91659D98} = {C7394DFA-C386-4498-AF22-64FC91659D98}
	EndProjectSection
EndProject
Project("{9A19103F-16F7-4668-BE54-9A1E7A4F7556}") = "Debugger", "Debugger\Debugger.csproj", "{6A1299BB-4327-4D9D-B2B3-21E8756D98E8}"
EndProject
Project("{8BC9CEB8-8B4A-11D0-8D11-00A0C91BC942}") = "SoftGpuRunner", "SoftGpuRunner\SoftGpuRunner.vcxproj", "{4EC2A1D8-C55D-46F7-8AEF-C4BDE0ABCEBA}"
	ProjectSection(ProjectDependencies) = postProject
		{B22E754B-166F-40EC-A023-FB7147405BC9} = {B22E754B-166F-40EC-A023-FB7147405BC9}
		{B847D2F1-4D54-47AF-8869-295C20791BBC} = {B847D2F1-4D54-47AF-8869-295C20791BBC}
	EndProjectSection
EndProject
Project("{8BC9CEB8-8B4A-11D0-8D11-00A0C91BC942}") = "VirtualBoxDevice", "VirtualBoxDevice\VirtualBoxDevice.vcxproj", "{5CB43D6D-C7B5-4C8C-94CA-E1BBA4550739}"
	ProjectSection(ProjectDependencies) = postProject
		{B22E754B-166F-40EC-A023-FB7147405BC9} = {B22E754B-166F-40EC-A023-FB7147405BC9}
		{B847D2F1-4D54-47AF-8869-295C20791BBC} = {B847D2F1-4D54-47AF-8869-295C20791BBC}
	EndProjectSection
EndProject
Project("{8BC9CEB8-8B4A-11D0-8D11-00A0C91BC942}") = "VirtualBoxDeviceLoader", "VirtualBoxDeviceLoader\VirtualBoxDeviceLoader.vcxproj", "{C4E8555E-44C4-4548-A82F-CA8824C675E2}"
EndProject
Project("{8BC9CEB8-8B4A-11D0-8D11-00A0C91BC942}") = "VirtualDisplay", "VirtualDisplay\VirtualDisplay.vcxproj", "{B847D2F1-4D54-47AF-8869-295C20791BBC}"
EndProject
Project("{8BC9CEB8-8B4A-11D0-8D11-00A0C91BC942}") = "RISCV", "RISCV\RISCV.vcxproj", "{10610055-CF5D-4809-A73A-48576B76ADC3}"
	ProjectSection(ProjectDependencies) = postProject
		{C7394DFA-C386-4498-AF22-64FC91659D98} = {C7394DFA-C386-4498-AF22-64FC91659D98}
	EndProjectSection
EndProject
Project("{8BC9CEB8-8B4A-11D0-8D11-00A0C91BC942}") = "HardwareCommon", "HardwareCommon\HardwareCommon.vcxproj", "{C7394DFA-C386-4498-AF22-64FC91659D98}"
EndProject
Global
	GlobalSection(SolutionConfigurationPlatforms) = preSolution
		Debug|Any CPU = Debug|Any CPU
		Debug|x64 = Debug|x64
		Debug|x86 = Debug|x86
		Release|Any CPU = Release|Any CPU
		Release|x64 = Release|x64
		Release|x86 = Release|x86
	EndGlobalSection
	GlobalSection(ProjectConfigurationPlatforms) = postSolution
		{B22E754B-166F-40EC-A023-FB7147405BC9}.Debug|Any CPU.ActiveCfg = Debug|x64
		{B22E754B-166F-40EC-A023-FB7147405BC9}.Debug|Any CPU.Build.0 = Debug|x64
		{B22E754B-166F-40EC-A023-FB7147405BC9}.Debug|x64.ActiveCfg = Debug|x64
		{B22E754B-166F-40EC-A023-FB7147405BC9}.Debug|x64.Build.0 = Debug|x64
		{B22E754B-166F-40EC-A023-FB7147405BC9}.Debug|x86.ActiveCfg = Debug|Win32
		{B22E754B-166F-40EC-A023-FB7147405BC9}.Debug|x86.Build.0 = Debug|Win32
		{B22E754B-166F-40EC-A023-FB7147405BC9}.Release|Any CPU.ActiveCfg = Release|x64
		{B22E754B-166F-40EC-A023-FB7147405BC9}.Release|Any CPU.Build.0 = Release|x64
		{B22E754B-166F-40EC-A023-FB7147405BC9}.Release|x64.ActiveCfg = Release|x64
		{B22E754B-166F-40EC-A023-FB7147405BC9}.Release|x64.Build.0 = Release|x64
		{B22E754B-166F-40EC-A023-FB7147405BC9}.Release|x86.ActiveCfg = Release|Win32
		{B22E754B-166F-40EC-A023-FB7147405BC9}.Release|x86.Build.0 = Release|Win32
		{6A1299BB-4327-4D9D-B2B3-21E8756D98E8}.Debug|Any CPU.ActiveCfg = Debug|Any CPU
		{6A1299BB-4327-4D9D-B2B3-21E8756D98E8}.Debug|Any CPU.Build.0 = Debug|Any CPU
		{6A1299BB-4327-4D9D-B2B3-21E8756D98E8}.Debug|x64.ActiveCfg = Debug|Any CPU
		{6A1299BB-4327-4D9D-B2B3-21E8756D98E8}.Debug|x64.Build.0 = Debug|Any CPU
		{6A1299BB-4327-4D9D-B2B3-21E8756D98E8}.Debug|x86.ActiveCfg = Debug|Any CPU
		{6A1299BB-4327-4D9D-B2B3-21E8756D98E8}.Debug|x86.Build.0 = Debug|Any CPU
		{6A1299BB-4327-4D9D-B2B3-21E8756D98E8}.Release|Any CPU.ActiveCfg = Release|Any CPU
		{6A1299BB-4327-4D9D-B2B3-21E8756D98E8}.Release|Any CPU.Build.0 = Release|Any CPU
		{6A1299BB-4327-4D9D-B2B3-21E8756D98E8}.Release|x64.ActiveCfg = Release|Any CPU
		{6A1299BB-4327-4D9D-B2B3-21E8756D98E8}.Release|x64.Build.0 = Release|Any CPU
		{6A1299BB-4327-4D9D-B2B3-21E8756D98E8}.Release|x86.ActiveCfg = Release|Any CPU
		{6A1299BB-4327-4D9D-B2B3-21E8756D98E8}.Release|x86.Build.0 = Release|Any CPU
		{4EC2A1D8-C55D-46F7-8AEF-C4BDE0ABCEBA}.Debug|Any CPU.ActiveCfg = Debug|x64
		{4EC2A1D8-C55D-46F7-8AEF-C4BDE0ABCEBA}.Debug|Any CPU.Build.0 = Debug|x64
		{4EC2A1D8-C55D-46F7-8AEF-C4BDE0ABCEBA}.Debug|x64.ActiveCfg = Debug|x64
		{4EC2A1D8-C55D-46F7-8AEF-C4BDE0ABCEBA}.Debug|x64.Build.0 = Debug|x64
		{4EC2A1D8-C55D-46F7-8AEF-C4BDE0ABCEBA}.Debug|x86.ActiveCfg = Debug|Win32
		{4EC2A1D8-C55D-46F7-8AEF-C4BDE0ABCEBA}.Debug|x86.Build.0 = Debug|Win32
		{4EC2A1D8-C55D-46F7-8AEF-C4BDE0ABCEBA}.Release|Any CPU.ActiveCfg = Release|x64
		{4EC2A1D8-C55D-46F7-8AEF-C4BDE0ABCEBA}.Release|Any CPU.Build.0 = Release|x64
		{4EC2A1D8-C55D-46F7-8AEF-C4BDE0ABCEBA}.Release|x64.ActiveCfg = Release|x64
		{4EC2A1D8-C55D-46F7-8AEF-C4BDE0ABCEBA}.Release|x64.Build.0 = Release|x64
		{4EC2A1D8-C55D-46F7-8AEF-C4BDE0ABCEBA}.Release|x86.ActiveCfg = Release|Win32
		{4EC2A1D8-C55D-46F7-8AEF-C4BDE0ABCEBA}.Release|x86.Build.0 = Release|Win32
		{5CB43D6D-C7B5-4C8C-94CA-E1BBA4550739}.Debug|Any CPU.ActiveCfg = Debug|x64
		{5CB43D6D-C7B5-4C8C-94CA-E1BBA4550739}.Debug|Any CPU.Build.0 = Debug|x64
		{5CB43D6D-C7B5-4C8C-94CA-E1BBA4550739}.Debug|x64.ActiveCfg = Debug|x64
		{5CB43D6D-C7B5-4C8C-94CA-E1BBA4550739}.Debug|x64.Build.0 = Debug|x64
		{5CB43D6D-C7B5-4C8C-94CA-E1BBA4550739}.Debug|x86.ActiveCfg = Debug|Win32
		{5CB43D6D-C7B5-4C8C-94CA-E1BBA4550739}.Debug|x86.Build.0 = Debug|Win32
		{5CB43D6D-C7B5-4C8C-94CA-E1BBA4550739}.Release|Any CPU.ActiveCfg = Release|x64
		{5CB43D6D-C7B5-4C8C-94CA-E1BBA4550739}.Release|Any CPU.Build.0 = Release|x64
		{5CB43D6D-C7B5-4C8C-94CA-E1BBA4550739}.Release|x64.ActiveCfg = Release|x64
		{5CB43D6D-C7B5-4C8C-94CA-E1BBA4550739}.Release|x64.Build.0 = Release|x64
		{5CB43D6D-C7B5-4C8C-94CA-E1BBA4550739}.Release|x86.ActiveCfg = Release|Win32
		{5CB43D6D-C7B5-4C8C-94CA-E1BBA4550739}.Release|x86.Build.0 = Release|Win32
		{C4E8555E-44C4-4548-A82F-CA8824C675E2}.Debug|Any CPU.ActiveCfg = Debug|x64
		{C4E8555E-44C4-4548-A82F-CA8824C675E2}.Debug|Any CPU.Build.0 = Debug|x64
		{C4E8555E-44C4-4548-A82F-CA8824C675E2}.Debug|x64.ActiveCfg = Debug|x64
		{C4E8555E-44C4-4548-A82F-CA8824C675E2}.Debug|x64.Build.0 = Debug|x64
		{C4E8555E-44C4-4548-A82F-CA8824C675E2}.Debug|x86.ActiveCfg = Debug|Win32
		{C4E8555E-44C4-4548-A82F-CA8824C675E2}.Debug|x86.Build.0 = Debug|Win32
		{C4E8555E-44C4-4548-A82F-CA8824C675E2}.Release|Any CPU.ActiveCfg = Release|x64
		{C4E8555E-44C4-4548-A82F-CA8824C675E2}.Release|Any CPU.Build.0 = Release|x64
		{C4E8555E-44C4-4548-A82F-CA8824C675E2}.Release|x64.ActiveCfg = Release|x64
		{C4E8555E-44C4-4548-A82F-CA8824C675E2}.Release|x64.Build.0 = Release|x64
		{C4E8555E-44C4-4548-A82F-CA8824C675E2}.Release|x86.ActiveCfg = Release|Win32
		{C4E8555E-44C4-4548-A82F-CA8824C675E2}.Release|x86.Build.0 = Release|Win32
		{B847D2F1-4D54-47AF-8869-295C20791BBC}.Debug|Any CPU.ActiveCfg = Debug|x64
		{B847D2F1-4D54-47AF-8869-295C20791BBC}.Debug|Any CPU.Build.0 = Debug|x64
		{B847D2F1-4D54-47AF-8869-295C20791BBC}.Debug|x64.ActiveCfg = Debug|x64
		{B847D2F1-4D54-47AF-8869-295C20791BBC}.Debug|x64.Build.0 = Debug|x64
		{B847D2F1-4D54-47AF-8869-295C20791BBC}.Debug|x86.ActiveCfg = Debug|Win32
		{B847D2F1-4D54-47AF-8869-295C20791BBC}.Debug|x86.Build.0 = Debug|Win32
		{B847D2F1-4D54-47AF-8869-295C20791BBC}.Release|Any CPU.ActiveCfg = Release|x64
		{B847D2F1-4D54-47AF-8869-295C20791BBC}.Release|Any CPU.Build.0 = Release|x64
		{B847D2F1-4D54-47AF-8869-295C20791BBC}.Release|x64.ActiveCfg = Release|x64
		{B847D2F1-4D54-47AF-8869-295C20791BBC}.Release|x64.Build.0 = Release|x64
		{B847D2F1-4D54-47AF-8869-295C20791BBC}.Release|x86.ActiveCfg = Release|Win32
		{B847D2F1-4D54-47AF-8869-295C20791BBC}.Release|x86.Build.0 = Release|Win32
		{10610055-CF5D-4809-A73A-48576B76ADC3}.Debug|Any CPU.ActiveCfg = Debug|x64
		{10610055-CF5D-4809-A73A-48576B76ADC3}.Debug|Any CPU.Build.0 = Debug|x64
		{10610055-CF5D-4809-A73A-48576B76ADC3}.Debug|x64.ActiveCfg = Debug|x64
		{10610055-CF5D-4809-A73A-48576B76ADC3}.Debug|x64.Build.0 = Debug|x64
		{10610055-CF5D-4809-A73A-48576B76ADC3}.Debug|x86.ActiveCfg = Debug|Win32
		{10610055-CF5D-4809-A73A-48576B76ADC3}.Debug|x86.Build.0 = Debug|Win32
		{10610055-CF5D-4809-A73A-48576B76ADC3}.Release|Any CPU.ActiveCfg = Release|x64
		{10610055-CF5D-4809-A73A-48576B76ADC3}.Release|Any CPU.Build.0 = Release|x64
		{10610055-CF5D-4809-A73A-48576B76ADC3}.Release|x64.ActiveCfg = Release|x64
		{10610055-CF5D-4809-A73A-48576B76ADC3}.Release|x64.Build.0 = Release|x64
		{10610055-CF5D-4809-A73A-48576B76ADC3}.Release|x86.ActiveCfg = Release|Win32
		{10610055-CF5D-4809-A73A-48576B76ADC3}.Release|x86.Build.0 = Release|Win32
		{C7394DFA-C386-4498-AF22-64FC91659D98}.Debug|Any CPU.ActiveCfg = Debug|x64
		{C7394DFA-C386-4498-AF22-64FC91659D98}.Debug|Any CPU.Build.0 = Debug|x64
		{C7394DFA-C386-4498-AF22-64FC91659D98}.Debug|x64.ActiveCfg = Debug|x64
		{C7394DFA-C386-4498-AF22-64FC91659D98}.Debug|x64.Build.0 = Debug|x64
		{C7394DFA-C386-4498-AF22-64FC91659D98}.Debug|x86.ActiveCfg = Debug|Win32
		{C7394DFA-C386-4498-AF22-64FC91659D98}.Debug|x86.Build.0 = Debug|Win32
		{C7394DFA-C386-4498-AF22-64FC91659D98}.Release|Any CPU.ActiveCfg = Release|x64
		{C7394DFA-C386-4498-AF22-64FC91659D98}.Release|Any CPU.Build.0 = Release|x64
		{C7394DFA-C386-4498-AF22-64FC91659D98}.Release|x64.ActiveCfg = Release|x64
		{C7394DFA-C386-4498-AF22-64FC91659D98}.Release|x64.Build.0 = Release|x64
		{C7394DFA-C386-4498-AF22-64FC91659D98}.Release|x86.ActiveCfg = Release|Win32
		{C7394DFA-C386-4498-AF22-64FC91659D98}.Release|x86.Build.0 = Release|Win32
	EndGlobalSection
	GlobalSection(SolutionProperties) = preSolution
		HideSolutionNode = FALSE
	EndGlobalSection
	GlobalSection(ExtensibilityGlobals) = postSolution
		SolutionGuid = {6A42CDF7-1098-4F53-B152-F1A35EB36867}
	EndGlobalSection
EndGlobal
