<?xml version="1.0" encoding="utf-8"?>
<Project ToolsVersion="4.0" xmlns="http://schemas.microsoft.com/developer/msbuild/2003">
  <ItemGroup>
    <Filter Include="Source Files">
      <UniqueIdentifier>{4FC737F1-C7A5-4376-A066-2A32D752A2FF}</UniqueIdentifier>
      <Extensions>cpp;c;cc;cxx;c++;cppm;ixx;def;odl;idl;hpj;bat;asm;asmx</Extensions>
    </Filter>
    <Filter Include="Header Files">
      <UniqueIdentifier>{93995380-89BD-4b04-88EB-625FBE52EBFB}</UniqueIdentifier>
      <Extensions>h;hh;hpp;hxx;h++;hm;inl;inc;ipp;xsd</Extensions>
    </Filter>
    <Filter Include="Resource Files">
      <UniqueIdentifier>{67DA6AB6-F800-4c08-8B7A-83BB121AAD01}</UniqueIdentifier>
      <Extensions>rc;ico;cur;bmp;dlg;rc2;rct;bin;rgs;gif;jpg;jpeg;jpe;resx;tiff;tif;png;wav;mfcribbon-ms</Extensions>
    </Filter>
    <Filter Include="Header Files\include">
      <UniqueIdentifier>{a749e67d-ced9-44d7-83f7-599cd324767d}</UniqueIdentifier>
    </Filter>
    <Filter Include="Header Files\include\riscv">
      <UniqueIdentifier>{602d30d5-d06a-474b-9fa3-a2c7b6257b6a}</UniqueIdentifier>
    </Filter>
  </ItemGroup>
  <ItemGroup>
    <ClInclude Include="include\riscv\RegisterFile.hpp">
      <Filter>Header Files\include\riscv</Filter>
    </ClInclude>
    <ClInclude Include="include\riscv\ControlBus.hpp">
      <Filter>Header Files</Filter>
    </ClInclude>
    <ClInclude Include="include\riscv\ClockGate.hpp">
      <Filter>Header Files</Filter>
    </ClInclude>
    <ClInclude Include="include\riscv\FIFO.hpp">
      <Filter>Header Files</Filter>
    </ClInclude>
    <ClInclude Include="include\riscv\CpuCore.hpp">
      <Filter>Header Files</Filter>
    </ClInclude>
    <ClInclude Include="include\riscv\MemoryBus.hpp">
      <Filter>Header Files</Filter>
    </ClInclude>
    <ClInclude Include="include\riscv\InstructionFetch.hpp">
      <Filter>Header Files</Filter>
    </ClInclude>
    <ClInclude Include="include\riscv\DualClockFIFO\DualClockFIFO.hpp">
      <Filter>Header Files</Filter>
    </ClInclude>
    <ClInclude Include="include\riscv\DualClockFIFO\Synchronizer.hpp">
      <Filter>Header Files</Filter>
    </ClInclude>
    <ClInclude Include="include\riscv\DualClockFIFO\Memory.hpp">
      <Filter>Header Files</Filter>
    </ClInclude>
    <ClInclude Include="include\riscv\DualClockFIFO\WritePointer.hpp">
      <Filter>Header Files</Filter>
    </ClInclude>
    <ClInclude Include="include\riscv\DualClockFIFO\ReadPointer.hpp">
      <Filter>Header Files</Filter>
    </ClInclude>
    <ClInclude Include="include\riscv\DualClockFIFO\Memory.TestBench.hpp">
      <Filter>Header Files</Filter>
    </ClInclude>
  </ItemGroup>
  <ItemGroup>
    <ClCompile Include="Source.cpp">
      <Filter>Source Files</Filter>
    </ClCompile>
  </ItemGroup>
</Project>